
Microsoft Visual Studio Solution File, Format Version 12.00
# Visual Studio Version 17
VisualStudioVersion = 17.3.32922.545
MinimumVisualStudioVersion = 10.0.40219.1
Project("{FAE04EC0-301F-11D3-BF4B-00C04F79EFBC}") = "Magma", "Magma\Magma.csproj", "{98B81BF1-8ACE-4098-9342-39832EE8793C}"
EndProject
Global
	GlobalSection(SolutionConfigurationPlatforms) = preSolution
		Debug|Any CPU = Debug|Any CPU
		Release|Any CPU = Release|Any CPU
	EndGlobalSection
	GlobalSection(ProjectConfigurationPlatforms) = postSolution
		{98B81BF1-8ACE-4098-9342-39832EE8793C}.Debug|Any CPU.ActiveCfg = Debug|Any CPU
		{98B81BF1-8ACE-4098-9342-39832EE8793C}.Debug|Any CPU.Build.0 = Debug|Any CPU
		{98B81BF1-8ACE-4098-9342-39832EE8793C}.Release|Any CPU.ActiveCfg = Release|Any CPU
		{98B81BF1-8ACE-4098-9342-39832EE8793C}.Release|Any CPU.Build.0 = Release|Any CPU
	EndGlobalSection
	GlobalSection(SolutionProperties) = preSolution
		HideSolutionNode = FALSE
	EndGlobalSection
	GlobalSection(ExtensibilityGlobals) = postSolution
		SolutionGuid = {B622B75F-ACCE-4126-8992-F7E9ADB4161F}
	EndGlobalSection
EndGlobal
