
Microsoft Visual Studio Solution File, Format Version 12.00
# Visual Studio Version 16
VisualStudioVersion = 16.0.31025.194
MinimumVisualStudioVersion = 10.0.40219.1
Project("{FAE04EC0-301F-11D3-BF4B-00C04F79EFBC}") = "Magma2.1", "Magma2.1\Magma2.1.csproj", "{B000AEAE-CBF2-4408-BF06-E0E33C7F01FB}"
EndProject
Global
	GlobalSection(SolutionConfigurationPlatforms) = preSolution
		Debug|Any CPU = Debug|Any CPU
		Release|Any CPU = Release|Any CPU
	EndGlobalSection
	GlobalSection(ProjectConfigurationPlatforms) = postSolution
		{B000AEAE-CBF2-4408-BF06-E0E33C7F01FB}.Debug|Any CPU.ActiveCfg = Debug|Any CPU
		{B000AEAE-CBF2-4408-BF06-E0E33C7F01FB}.Debug|Any CPU.Build.0 = Debug|Any CPU
		{B000AEAE-CBF2-4408-BF06-E0E33C7F01FB}.Release|Any CPU.ActiveCfg = Release|Any CPU
		{B000AEAE-CBF2-4408-BF06-E0E33C7F01FB}.Release|Any CPU.Build.0 = Release|Any CPU
	EndGlobalSection
	GlobalSection(SolutionProperties) = preSolution
		HideSolutionNode = FALSE
	EndGlobalSection
	GlobalSection(ExtensibilityGlobals) = postSolution
		SolutionGuid = {D2FEC777-6509-448A-A74D-0B725525233F}
	EndGlobalSection
EndGlobal
